// !$*UTF8*$!
{
	archiveVersion = 1;
	classes = {
	};
	objectVersion = 48;
	objects = {

/* Begin PBXBuildFile section */
		7F49AA0EF0AF89339115B7C6 /* ThemeStyle.swift in Sources */ = {isa = PBXBuildFile; fileRef = 7F49ABFB83A08F7D56BF3907 /* ThemeStyle.swift */; };
		7F49AA27F8965A55779AECF2 /* UIColor.swift in Sources */ = {isa = PBXBuildFile; fileRef = 7F49A2DC9354DCB21F4CF53A /* UIColor.swift */; };
		900EFE281FA1D3EC007C8AE0 /* AppDelegate.swift in Sources */ = {isa = PBXBuildFile; fileRef = 900EFE271FA1D3EC007C8AE0 /* AppDelegate.swift */; };
		900EFE2F1FA1D3EC007C8AE0 /* Assets.xcassets in Resources */ = {isa = PBXBuildFile; fileRef = 900EFE2E1FA1D3EC007C8AE0 /* Assets.xcassets */; };
		900EFE321FA1D3EC007C8AE0 /* LaunchScreen.storyboard in Resources */ = {isa = PBXBuildFile; fileRef = 900EFE301FA1D3EC007C8AE0 /* LaunchScreen.storyboard */; };
		900EFE4A1FA1DD6E007C8AE0 /* BaseNavigationController.swift in Sources */ = {isa = PBXBuildFile; fileRef = 900EFE491FA1DD6E007C8AE0 /* BaseNavigationController.swift */; };
		900EFE4C1FA1E15A007C8AE0 /* NavigationControllerProtocol.swift in Sources */ = {isa = PBXBuildFile; fileRef = 900EFE4B1FA1E15A007C8AE0 /* NavigationControllerProtocol.swift */; };
		900EFE501FA1E259007C8AE0 /* UINavigationController.swift in Sources */ = {isa = PBXBuildFile; fileRef = 900EFE4F1FA1E259007C8AE0 /* UINavigationController.swift */; };
		901FB0531FAAB0AA0099FB3F /* ThenProtocol.swift in Sources */ = {isa = PBXBuildFile; fileRef = 901FB0521FAAB0AA0099FB3F /* ThenProtocol.swift */; };
		901FB0551FAAB0D60099FB3F /* Then.swift in Sources */ = {isa = PBXBuildFile; fileRef = 901FB0541FAAB0D60099FB3F /* Then.swift */; };
		90AA36AE1FA31C9900A4FA25 /* HomePageViewController.swift in Sources */ = {isa = PBXBuildFile; fileRef = 90AA36AD1FA31C9900A4FA25 /* HomePageViewController.swift */; };
		90AA36B01FA31CC500A4FA25 /* HomepageViewModel.swift in Sources */ = {isa = PBXBuildFile; fileRef = 90AA36AF1FA31CC500A4FA25 /* HomepageViewModel.swift */; };
		90AA36B21FA330FA00A4FA25 /* TimeListViewController.swift in Sources */ = {isa = PBXBuildFile; fileRef = 90AA36B11FA330FA00A4FA25 /* TimeListViewController.swift */; };
		CFBA0EA3ECC4400A236157E5 /* Pods_BusApp.framework in Frameworks */ = {isa = PBXBuildFile; fileRef = 629EF9CAFB2FC25BF4391A28 /* Pods_BusApp.framework */; };
/* End PBXBuildFile section */

/* Begin PBXFileReference section */
		629EF9CAFB2FC25BF4391A28 /* Pods_BusApp.framework */ = {isa = PBXFileReference; explicitFileType = wrapper.framework; includeInIndex = 0; path = Pods_BusApp.framework; sourceTree = BUILT_PRODUCTS_DIR; };
		7F49A2DC9354DCB21F4CF53A /* UIColor.swift */ = {isa = PBXFileReference; fileEncoding = 4; lastKnownFileType = sourcecode.swift; path = UIColor.swift; sourceTree = "<group>"; };
		7F49ABFB83A08F7D56BF3907 /* ThemeStyle.swift */ = {isa = PBXFileReference; fileEncoding = 4; lastKnownFileType = sourcecode.swift; path = ThemeStyle.swift; sourceTree = "<group>"; };
		900EFE241FA1D3EC007C8AE0 /* BusApp.app */ = {isa = PBXFileReference; explicitFileType = wrapper.application; includeInIndex = 0; path = BusApp.app; sourceTree = BUILT_PRODUCTS_DIR; };
		900EFE271FA1D3EC007C8AE0 /* AppDelegate.swift */ = {isa = PBXFileReference; lastKnownFileType = sourcecode.swift; path = AppDelegate.swift; sourceTree = "<group>"; };
		900EFE2E1FA1D3EC007C8AE0 /* Assets.xcassets */ = {isa = PBXFileReference; lastKnownFileType = folder.assetcatalog; path = Assets.xcassets; sourceTree = "<group>"; };
		900EFE311FA1D3EC007C8AE0 /* Base */ = {isa = PBXFileReference; lastKnownFileType = file.storyboard; name = Base; path = Base.lproj/LaunchScreen.storyboard; sourceTree = "<group>"; };
		900EFE331FA1D3EC007C8AE0 /* Info.plist */ = {isa = PBXFileReference; lastKnownFileType = text.plist.xml; path = Info.plist; sourceTree = "<group>"; };
		900EFE491FA1DD6E007C8AE0 /* BaseNavigationController.swift */ = {isa = PBXFileReference; lastKnownFileType = sourcecode.swift; path = BaseNavigationController.swift; sourceTree = "<group>"; };
		900EFE4B1FA1E15A007C8AE0 /* NavigationControllerProtocol.swift */ = {isa = PBXFileReference; lastKnownFileType = sourcecode.swift; path = NavigationControllerProtocol.swift; sourceTree = "<group>"; };
		900EFE4F1FA1E259007C8AE0 /* UINavigationController.swift */ = {isa = PBXFileReference; lastKnownFileType = sourcecode.swift; path = UINavigationController.swift; sourceTree = "<group>"; };
		901FB0521FAAB0AA0099FB3F /* ThenProtocol.swift */ = {isa = PBXFileReference; lastKnownFileType = sourcecode.swift; path = ThenProtocol.swift; sourceTree = "<group>"; };
		901FB0541FAAB0D60099FB3F /* Then.swift */ = {isa = PBXFileReference; lastKnownFileType = sourcecode.swift; path = Then.swift; sourceTree = "<group>"; };
		90AA36AD1FA31C9900A4FA25 /* HomePageViewController.swift */ = {isa = PBXFileReference; lastKnownFileType = sourcecode.swift; path = HomePageViewController.swift; sourceTree = "<group>"; };
		90AA36AF1FA31CC500A4FA25 /* HomepageViewModel.swift */ = {isa = PBXFileReference; lastKnownFileType = sourcecode.swift; path = HomepageViewModel.swift; sourceTree = "<group>"; };
		90AA36B11FA330FA00A4FA25 /* TimeListViewController.swift */ = {isa = PBXFileReference; lastKnownFileType = sourcecode.swift; path = TimeListViewController.swift; sourceTree = "<group>"; };
		A4831B0B504C4278CA6C2BD6 /* Pods-BusApp.debug.xcconfig */ = {isa = PBXFileReference; includeInIndex = 1; lastKnownFileType = text.xcconfig; name = "Pods-BusApp.debug.xcconfig"; path = "Pods/Target Support Files/Pods-BusApp/Pods-BusApp.debug.xcconfig"; sourceTree = "<group>"; };
		D09992ED1834E99A558FC8A0 /* Pods-BusApp.release.xcconfig */ = {isa = PBXFileReference; includeInIndex = 1; lastKnownFileType = text.xcconfig; name = "Pods-BusApp.release.xcconfig"; path = "Pods/Target Support Files/Pods-BusApp/Pods-BusApp.release.xcconfig"; sourceTree = "<group>"; };
/* End PBXFileReference section */

/* Begin PBXFrameworksBuildPhase section */
		900EFE211FA1D3EC007C8AE0 /* Frameworks */ = {
			isa = PBXFrameworksBuildPhase;
			buildActionMask = 2147483647;
			files = (
				CFBA0EA3ECC4400A236157E5 /* Pods_BusApp.framework in Frameworks */,
			);
			runOnlyForDeploymentPostprocessing = 0;
		};
/* End PBXFrameworksBuildPhase section */

/* Begin PBXGroup section */
		1E03CA7983D0402B3DFECB58 /* Frameworks */ = {
			isa = PBXGroup;
			children = (
				629EF9CAFB2FC25BF4391A28 /* Pods_BusApp.framework */,
			);
			name = Frameworks;
			sourceTree = "<group>";
		};
		8082873C04310650B963C19A /* Pods */ = {
			isa = PBXGroup;
			children = (
				A4831B0B504C4278CA6C2BD6 /* Pods-BusApp.debug.xcconfig */,
				D09992ED1834E99A558FC8A0 /* Pods-BusApp.release.xcconfig */,
			);
			name = Pods;
			sourceTree = "<group>";
		};
		900EFE1B1FA1D3EC007C8AE0 = {
			isa = PBXGroup;
			children = (
				900EFE261FA1D3EC007C8AE0 /* BusApp */,
				900EFE251FA1D3EC007C8AE0 /* Products */,
				8082873C04310650B963C19A /* Pods */,
				1E03CA7983D0402B3DFECB58 /* Frameworks */,
			);
			sourceTree = "<group>";
		};
		900EFE251FA1D3EC007C8AE0 /* Products */ = {
			isa = PBXGroup;
			children = (
				900EFE241FA1D3EC007C8AE0 /* BusApp.app */,
			);
			name = Products;
			sourceTree = "<group>";
		};
		900EFE261FA1D3EC007C8AE0 /* BusApp */ = {
			isa = PBXGroup;
			children = (
				900EFE551FA1E389007C8AE0 /* Enums */,
				900EFE3F1FA1D473007C8AE0 /* Controllers */,
				900EFE3E1FA1D46A007C8AE0 /* ViewModels */,
				900EFE3D1FA1D45C007C8AE0 /* Views */,
				900EFE3C1FA1D455007C8AE0 /* Models */,
				900EFE3A1FA1D442007C8AE0 /* Protocols */,
				900EFE391FA1D429007C8AE0 /* Extensions */,
				900EFE441FA1D502007C8AE0 /* Managers */,
				900EFE431FA1D4F2007C8AE0 /* SupportingFiles */,
				900EFE421FA1D4AE007C8AE0 /* Delegates */,
				900EFE411FA1D490007C8AE0 /* Resource */,
				900EFE401FA1D47F007C8AE0 /* Storyboards */,
				900EFE3B1FA1D44B007C8AE0 /* Configurations */,
			);
			path = BusApp;
			sourceTree = "<group>";
		};
		900EFE391FA1D429007C8AE0 /* Extensions */ = {
			isa = PBXGroup;
			children = (
				900EFE4F1FA1E259007C8AE0 /* UINavigationController.swift */,
				901FB0541FAAB0D60099FB3F /* Then.swift */,
				7F49A2DC9354DCB21F4CF53A /* UIColor.swift */,
			);
			path = Extensions;
			sourceTree = "<group>";
		};
		900EFE3A1FA1D442007C8AE0 /* Protocols */ = {
			isa = PBXGroup;
			children = (
				900EFE4B1FA1E15A007C8AE0 /* NavigationControllerProtocol.swift */,
				901FB0521FAAB0AA0099FB3F /* ThenProtocol.swift */,
			);
			path = Protocols;
			sourceTree = "<group>";
		};
		900EFE3B1FA1D44B007C8AE0 /* Configurations */ = {
			isa = PBXGroup;
			children = (
			);
			path = Configurations;
			sourceTree = "<group>";
		};
		900EFE3C1FA1D455007C8AE0 /* Models */ = {
			isa = PBXGroup;
			children = (
				7F49ABFB83A08F7D56BF3907 /* ThemeStyle.swift */,
			);
			path = Models;
			sourceTree = "<group>";
		};
		900EFE3D1FA1D45C007C8AE0 /* Views */ = {
			isa = PBXGroup;
			children = (
			);
			path = Views;
			sourceTree = "<group>";
		};
		900EFE3E1FA1D46A007C8AE0 /* ViewModels */ = {
			isa = PBXGroup;
			children = (
				90AA36AF1FA31CC500A4FA25 /* HomepageViewModel.swift */,
			);
			path = ViewModels;
			sourceTree = "<group>";
		};
		900EFE3F1FA1D473007C8AE0 /* Controllers */ = {
			isa = PBXGroup;
			children = (
				900EFE481FA1DD47007C8AE0 /* BaseNavigationController */,
				90AA36AD1FA31C9900A4FA25 /* HomePageViewController.swift */,
				90AA36B11FA330FA00A4FA25 /* TimeListViewController.swift */,
			);
			path = Controllers;
			sourceTree = "<group>";
		};
		900EFE401FA1D47F007C8AE0 /* Storyboards */ = {
			isa = PBXGroup;
			children = (
				900EFE301FA1D3EC007C8AE0 /* LaunchScreen.storyboard */,
			);
			path = Storyboards;
			sourceTree = "<group>";
		};
		900EFE411FA1D490007C8AE0 /* Resource */ = {
			isa = PBXGroup;
			children = (
				900EFE2E1FA1D3EC007C8AE0 /* Assets.xcassets */,
			);
			path = Resource;
			sourceTree = "<group>";
		};
		900EFE421FA1D4AE007C8AE0 /* Delegates */ = {
			isa = PBXGroup;
			children = (
				900EFE271FA1D3EC007C8AE0 /* AppDelegate.swift */,
			);
			path = Delegates;
			sourceTree = "<group>";
		};
		900EFE431FA1D4F2007C8AE0 /* SupportingFiles */ = {
			isa = PBXGroup;
			children = (
				900EFE331FA1D3EC007C8AE0 /* Info.plist */,
			);
			path = SupportingFiles;
			sourceTree = "<group>";
		};
		900EFE441FA1D502007C8AE0 /* Managers */ = {
			isa = PBXGroup;
			children = (
			);
			path = Managers;
			sourceTree = "<group>";
		};
		900EFE481FA1DD47007C8AE0 /* BaseNavigationController */ = {
			isa = PBXGroup;
			children = (
				900EFE491FA1DD6E007C8AE0 /* BaseNavigationController.swift */,
			);
			path = BaseNavigationController;
			sourceTree = "<group>";
		};
		900EFE551FA1E389007C8AE0 /* Enums */ = {
			isa = PBXGroup;
			children = (
			);
			path = Enums;
			sourceTree = "<group>";
		};
/* End PBXGroup section */

/* Begin PBXNativeTarget section */
		900EFE231FA1D3EC007C8AE0 /* BusApp */ = {
			isa = PBXNativeTarget;
			buildConfigurationList = 900EFE361FA1D3EC007C8AE0 /* Build configuration list for PBXNativeTarget "BusApp" */;
			buildPhases = (
				010D156398E62AD3CA5DE11D /* [CP] Check Pods Manifest.lock */,
				900EFE201FA1D3EC007C8AE0 /* Sources */,
				900EFE211FA1D3EC007C8AE0 /* Frameworks */,
				900EFE221FA1D3EC007C8AE0 /* Resources */,
				0CE8EA951A63028F4162D8C1 /* [CP] Embed Pods Frameworks */,
				D01CA3F177BB01A351F4C70F /* [CP] Copy Pods Resources */,
			);
			buildRules = (
			);
			dependencies = (
			);
			name = BusApp;
			productName = BusApp;
			productReference = 900EFE241FA1D3EC007C8AE0 /* BusApp.app */;
			productType = "com.apple.product-type.application";
		};
/* End PBXNativeTarget section */

/* Begin PBXProject section */
		900EFE1C1FA1D3EC007C8AE0 /* Project object */ = {
			isa = PBXProject;
			attributes = {
				LastSwiftUpdateCheck = 0900;
				LastUpgradeCheck = 0900;
				ORGANIZATIONNAME = HomerLynn;
				TargetAttributes = {
					900EFE231FA1D3EC007C8AE0 = {
						CreatedOnToolsVersion = 9.0.1;
						ProvisioningStyle = Automatic;
					};
				};
			};
			buildConfigurationList = 900EFE1F1FA1D3EC007C8AE0 /* Build configuration list for PBXProject "BusApp" */;
			compatibilityVersion = "Xcode 8.0";
			developmentRegion = en;
			hasScannedForEncodings = 0;
			knownRegions = (
				en,
				Base,
			);
			mainGroup = 900EFE1B1FA1D3EC007C8AE0;
			productRefGroup = 900EFE251FA1D3EC007C8AE0 /* Products */;
			projectDirPath = "";
			projectRoot = "";
			targets = (
				900EFE231FA1D3EC007C8AE0 /* BusApp */,
			);
		};
/* End PBXProject section */

/* Begin PBXResourcesBuildPhase section */
		900EFE221FA1D3EC007C8AE0 /* Resources */ = {
			isa = PBXResourcesBuildPhase;
			buildActionMask = 2147483647;
			files = (
				900EFE321FA1D3EC007C8AE0 /* LaunchScreen.storyboard in Resources */,
				900EFE2F1FA1D3EC007C8AE0 /* Assets.xcassets in Resources */,
			);
			runOnlyForDeploymentPostprocessing = 0;
		};
/* End PBXResourcesBuildPhase section */

/* Begin PBXShellScriptBuildPhase section */
		010D156398E62AD3CA5DE11D /* [CP] Check Pods Manifest.lock */ = {
			isa = PBXShellScriptBuildPhase;
			buildActionMask = 2147483647;
			files = (
			);
			inputPaths = (
				"${PODS_PODFILE_DIR_PATH}/Podfile.lock",
				"${PODS_ROOT}/Manifest.lock",
			);
			name = "[CP] Check Pods Manifest.lock";
			outputPaths = (
				"$(DERIVED_FILE_DIR)/Pods-BusApp-checkManifestLockResult.txt",
			);
			runOnlyForDeploymentPostprocessing = 0;
			shellPath = /bin/sh;
			shellScript = "diff \"${PODS_PODFILE_DIR_PATH}/Podfile.lock\" \"${PODS_ROOT}/Manifest.lock\" > /dev/null\nif [ $? != 0 ] ; then\n    # print error to STDERR\n    echo \"error: The sandbox is not in sync with the Podfile.lock. Run 'pod install' or update your CocoaPods installation.\" >&2\n    exit 1\nfi\n# This output is used by Xcode 'outputs' to avoid re-running this script phase.\necho \"SUCCESS\" > \"${SCRIPT_OUTPUT_FILE_0}\"\n";
			showEnvVarsInLog = 0;
		};
		0CE8EA951A63028F4162D8C1 /* [CP] Embed Pods Frameworks */ = {
			isa = PBXShellScriptBuildPhase;
			buildActionMask = 2147483647;
			files = (
			);
			inputPaths = (
				"${SRCROOT}/Pods/Target Support Files/Pods-BusApp/Pods-BusApp-frameworks.sh",
				"${BUILT_PRODUCTS_DIR}/SnapKit/SnapKit.framework",
			);
			name = "[CP] Embed Pods Frameworks";
			outputPaths = (
				"${TARGET_BUILD_DIR}/${FRAMEWORKS_FOLDER_PATH}/SnapKit.framework",
			);
			runOnlyForDeploymentPostprocessing = 0;
			shellPath = /bin/sh;
			shellScript = "\"${SRCROOT}/Pods/Target Support Files/Pods-BusApp/Pods-BusApp-frameworks.sh\"\n";
			showEnvVarsInLog = 0;
		};
		D01CA3F177BB01A351F4C70F /* [CP] Copy Pods Resources */ = {
			isa = PBXShellScriptBuildPhase;
			buildActionMask = 2147483647;
			files = (
			);
			inputPaths = (
			);
			name = "[CP] Copy Pods Resources";
			outputPaths = (
			);
			runOnlyForDeploymentPostprocessing = 0;
			shellPath = /bin/sh;
			shellScript = "\"${SRCROOT}/Pods/Target Support Files/Pods-BusApp/Pods-BusApp-resources.sh\"\n";
			showEnvVarsInLog = 0;
		};
/* End PBXShellScriptBuildPhase section */

/* Begin PBXSourcesBuildPhase section */
		900EFE201FA1D3EC007C8AE0 /* Sources */ = {
			isa = PBXSourcesBuildPhase;
			buildActionMask = 2147483647;
			files = (
				900EFE501FA1E259007C8AE0 /* UINavigationController.swift in Sources */,
				90AA36B21FA330FA00A4FA25 /* TimeListViewController.swift in Sources */,
				900EFE281FA1D3EC007C8AE0 /* AppDelegate.swift in Sources */,
				901FB0531FAAB0AA0099FB3F /* ThenProtocol.swift in Sources */,
				90AA36AE1FA31C9900A4FA25 /* HomePageViewController.swift in Sources */,
				90AA36B01FA31CC500A4FA25 /* HomepageViewModel.swift in Sources */,
				900EFE4A1FA1DD6E007C8AE0 /* BaseNavigationController.swift in Sources */,
				900EFE4C1FA1E15A007C8AE0 /* NavigationControllerProtocol.swift in Sources */,
				901FB0551FAAB0D60099FB3F /* Then.swift in Sources */,
				7F49AA0EF0AF89339115B7C6 /* ThemeStyle.swift in Sources */,
				7F49AA27F8965A55779AECF2 /* UIColor.swift in Sources */,
			);
			runOnlyForDeploymentPostprocessing = 0;
		};
/* End PBXSourcesBuildPhase section */

/* Begin PBXVariantGroup section */
		900EFE301FA1D3EC007C8AE0 /* LaunchScreen.storyboard */ = {
			isa = PBXVariantGroup;
			children = (
				900EFE311FA1D3EC007C8AE0 /* Base */,
			);
			name = LaunchScreen.storyboard;
			sourceTree = "<group>";
		};
/* End PBXVariantGroup section */

/* Begin XCBuildConfiguration section */
		900EFE341FA1D3EC007C8AE0 /* Debug */ = {
			isa = XCBuildConfiguration;
			buildSettings = {
				ALWAYS_SEARCH_USER_PATHS = NO;
				CLANG_ANALYZER_NONNULL = YES;
				CLANG_ANALYZER_NUMBER_OBJECT_CONVERSION = YES_AGGRESSIVE;
				CLANG_CXX_LANGUAGE_STANDARD = "gnu++14";
				CLANG_CXX_LIBRARY = "libc++";
				CLANG_ENABLE_MODULES = YES;
				CLANG_ENABLE_OBJC_ARC = YES;
				CLANG_WARN_BLOCK_CAPTURE_AUTORELEASING = YES;
				CLANG_WARN_BOOL_CONVERSION = YES;
				CLANG_WARN_COMMA = YES;
				CLANG_WARN_CONSTANT_CONVERSION = YES;
				CLANG_WARN_DIRECT_OBJC_ISA_USAGE = YES_ERROR;
				CLANG_WARN_DOCUMENTATION_COMMENTS = YES;
				CLANG_WARN_EMPTY_BODY = YES;
				CLANG_WARN_ENUM_CONVERSION = YES;
				CLANG_WARN_INFINITE_RECURSION = YES;
				CLANG_WARN_INT_CONVERSION = YES;
				CLANG_WARN_NON_LITERAL_NULL_CONVERSION = YES;
				CLANG_WARN_OBJC_LITERAL_CONVERSION = YES;
				CLANG_WARN_OBJC_ROOT_CLASS = YES_ERROR;
				CLANG_WARN_RANGE_LOOP_ANALYSIS = YES;
				CLANG_WARN_STRICT_PROTOTYPES = YES;
				CLANG_WARN_SUSPICIOUS_MOVE = YES;
				CLANG_WARN_UNGUARDED_AVAILABILITY = YES_AGGRESSIVE;
				CLANG_WARN_UNREACHABLE_CODE = YES;
				CLANG_WARN__DUPLICATE_METHOD_MATCH = YES;
				CODE_SIGN_IDENTITY = "iPhone Developer";
				COPY_PHASE_STRIP = NO;
				DEBUG_INFORMATION_FORMAT = dwarf;
				ENABLE_STRICT_OBJC_MSGSEND = YES;
				ENABLE_TESTABILITY = YES;
				GCC_C_LANGUAGE_STANDARD = gnu11;
				GCC_DYNAMIC_NO_PIC = NO;
				GCC_NO_COMMON_BLOCKS = YES;
				GCC_OPTIMIZATION_LEVEL = 0;
				GCC_PREPROCESSOR_DEFINITIONS = (
					"DEBUG=1",
					"$(inherited)",
				);
				GCC_WARN_64_TO_32_BIT_CONVERSION = YES;
				GCC_WARN_ABOUT_RETURN_TYPE = YES_ERROR;
				GCC_WARN_UNDECLARED_SELECTOR = YES;
				GCC_WARN_UNINITIALIZED_AUTOS = YES_AGGRESSIVE;
				GCC_WARN_UNUSED_FUNCTION = YES;
				GCC_WARN_UNUSED_VARIABLE = YES;
				IPHONEOS_DEPLOYMENT_TARGET = 11.0;
				MTL_ENABLE_DEBUG_INFO = YES;
				ONLY_ACTIVE_ARCH = YES;
				SDKROOT = iphoneos;
				SWIFT_ACTIVE_COMPILATION_CONDITIONS = DEBUG;
				SWIFT_OPTIMIZATION_LEVEL = "-Onone";
			};
			name = Debug;
		};
		900EFE351FA1D3EC007C8AE0 /* Release */ = {
			isa = XCBuildConfiguration;
			buildSettings = {
				ALWAYS_SEARCH_USER_PATHS = NO;
				CLANG_ANALYZER_NONNULL = YES;
				CLANG_ANALYZER_NUMBER_OBJECT_CONVERSION = YES_AGGRESSIVE;
				CLANG_CXX_LANGUAGE_STANDARD = "gnu++14";
				CLANG_CXX_LIBRARY = "libc++";
				CLANG_ENABLE_MODULES = YES;
				CLANG_ENABLE_OBJC_ARC = YES;
				CLANG_WARN_BLOCK_CAPTURE_AUTORELEASING = YES;
				CLANG_WARN_BOOL_CONVERSION = YES;
				CLANG_WARN_COMMA = YES;
				CLANG_WARN_CONSTANT_CONVERSION = YES;
				CLANG_WARN_DIRECT_OBJC_ISA_USAGE = YES_ERROR;
				CLANG_WARN_DOCUMENTATION_COMMENTS = YES;
				CLANG_WARN_EMPTY_BODY = YES;
				CLANG_WARN_ENUM_CONVERSION = YES;
				CLANG_WARN_INFINITE_RECURSION = YES;
				CLANG_WARN_INT_CONVERSION = YES;
				CLANG_WARN_NON_LITERAL_NULL_CONVERSION = YES;
				CLANG_WARN_OBJC_LITERAL_CONVERSION = YES;
				CLANG_WARN_OBJC_ROOT_CLASS = YES_ERROR;
				CLANG_WARN_RANGE_LOOP_ANALYSIS = YES;
				CLANG_WARN_STRICT_PROTOTYPES = YES;
				CLANG_WARN_SUSPICIOUS_MOVE = YES;
				CLANG_WARN_UNGUARDED_AVAILABILITY = YES_AGGRESSIVE;
				CLANG_WARN_UNREACHABLE_CODE = YES;
				CLANG_WARN__DUPLICATE_METHOD_MATCH = YES;
				CODE_SIGN_IDENTITY = "iPhone Developer";
				COPY_PHASE_STRIP = NO;
				DEBUG_INFORMATION_FORMAT = "dwarf-with-dsym";
				ENABLE_NS_ASSERTIONS = NO;
				ENABLE_STRICT_OBJC_MSGSEND = YES;
				GCC_C_LANGUAGE_STANDARD = gnu11;
				GCC_NO_COMMON_BLOCKS = YES;
				GCC_WARN_64_TO_32_BIT_CONVERSION = YES;
				GCC_WARN_ABOUT_RETURN_TYPE = YES_ERROR;
				GCC_WARN_UNDECLARED_SELECTOR = YES;
				GCC_WARN_UNINITIALIZED_AUTOS = YES_AGGRESSIVE;
				GCC_WARN_UNUSED_FUNCTION = YES;
				GCC_WARN_UNUSED_VARIABLE = YES;
				IPHONEOS_DEPLOYMENT_TARGET = 11.0;
				MTL_ENABLE_DEBUG_INFO = NO;
				SDKROOT = iphoneos;
				SWIFT_OPTIMIZATION_LEVEL = "-Owholemodule";
				VALIDATE_PRODUCT = YES;
			};
			name = Release;
		};
		900EFE371FA1D3EC007C8AE0 /* Debug */ = {
			isa = XCBuildConfiguration;
			baseConfigurationReference = A4831B0B504C4278CA6C2BD6 /* Pods-BusApp.debug.xcconfig */;
			buildSettings = {
				ASSETCATALOG_COMPILER_APPICON_NAME = AppIcon;
				CODE_SIGN_STYLE = Automatic;
				DEVELOPMENT_TEAM = 3U4T4928GM;
				INFOPLIST_FILE = BusApp/SupportingFiles/Info.plist;
				LD_RUNPATH_SEARCH_PATHS = "$(inherited) @executable_path/Frameworks";
				PRODUCT_BUNDLE_IDENTIFIER = wang.homerice.BusApp;
				PRODUCT_NAME = "$(TARGET_NAME)";
				SWIFT_VERSION = 4.0;
				TARGETED_DEVICE_FAMILY = "1,2";
			};
			name = Debug;
		};
		900EFE381FA1D3EC007C8AE0 /* Release */ = {
			isa = XCBuildConfiguration;
			baseConfigurationReference = D09992ED1834E99A558FC8A0 /* Pods-BusApp.release.xcconfig */;
			buildSettings = {
				ASSETCATALOG_COMPILER_APPICON_NAME = AppIcon;
				CODE_SIGN_STYLE = Automatic;
				DEVELOPMENT_TEAM = 3U4T4928GM;
				INFOPLIST_FILE = BusApp/SupportingFiles/Info.plist;
				LD_RUNPATH_SEARCH_PATHS = "$(inherited) @executable_path/Frameworks";
				PRODUCT_BUNDLE_IDENTIFIER = wang.homerice.BusApp;
				PRODUCT_NAME = "$(TARGET_NAME)";
				SWIFT_VERSION = 4.0;
				TARGETED_DEVICE_FAMILY = "1,2";
			};
			name = Release;
		};
/* End XCBuildConfiguration section */

/* Begin XCConfigurationList section */
		900EFE1F1FA1D3EC007C8AE0 /* Build configuration list for PBXProject "BusApp" */ = {
			isa = XCConfigurationList;
			buildConfigurations = (
				900EFE341FA1D3EC007C8AE0 /* Debug */,
				900EFE351FA1D3EC007C8AE0 /* Release */,
			);
			defaultConfigurationIsVisible = 0;
			defaultConfigurationName = Release;
		};
		900EFE361FA1D3EC007C8AE0 /* Build configuration list for PBXNativeTarget "BusApp" */ = {
			isa = XCConfigurationList;
			buildConfigurations = (
				900EFE371FA1D3EC007C8AE0 /* Debug */,
				900EFE381FA1D3EC007C8AE0 /* Release */,
			);
			defaultConfigurationIsVisible = 0;
			defaultConfigurationName = Release;
		};
/* End XCConfigurationList section */
	};
	rootObject = 900EFE1C1FA1D3EC007C8AE0 /* Project object */;
}
